github.com/abstractpotato/cardano-signature-wrapper v0.0.0-20260708004144-b0a222707e86 h1:c9FdC0u9ZMiphkFmiA4vE0M+m3AbzWSad23AY1DPavk=
github.com/abstractpotato/cardano-signature-wrapper v0.0.0-20260708004144-b0a222707e86/go.mod h1:qpPCztVve/D48fz/yexj+fXk7iah7lr9LE5xYPSPjCQ=
github.com/abstractpotato/cardano-signature-wrapper v0.0.0-20260708005253-f7fdc42fb310 h1:+PkfAvENWYoQheASQwuZ/cyZxBWpRGmowapCTxQF8cM=
github.com/abstractpotato/cardano-signature-wrapper v0.0.0-20260708005253-f7fdc42fb310/go.mod h1:qpPCztVve/D48fz/yexj+fXk7iah7lr9LE5xYPSPjCQ=
github.com/abstractpotato/cardano-signature-wrapper v0.0.0-20260708005402-d750760f0e87 h1:GCbYnvA1Jf9jVBpGco0X8p4AYfU5+Ri7Nvt8AS9r2Q0=
github.com/abstractpotato/cardano-signature-wrapper v0.0.0-20260708005402-d750760f0e87/go.mod h1:qpPCztVve/D48fz/yexj+fXk7iah7lr9LE5xYPSPjCQ=
github.com/abstractpotato/cardano-signature-wrapper v0.0.0-20260708014531-b149022d674a h1:786q81N/gZO5Suf+mGFEvEnhcMhE65GMidkA39Muj/E=
github.com/abstractpotato/cardano-signature-wrapper v0.0.0-20260708014531-b149022d674a/go.mod h1:qpPCztVve/D48fz/yexj+fXk7iah7lr9LE5xYPSPjCQ=
github.com/abstractpotato/cardano-signature-wrapper v0.0.0-20260708015051-c44a54413208 h1:Cx8oKEdXWRQU9pQKjnB/BFc2gA333TLZI385+x1+Qk0=
github.com/abstractpotato/cardano-signature-wrapper v0.0.0-20260708015051-c44a54413208/go.mod h1:qpPCztVve/D48fz/yexj+fXk7iah7lr9LE5xYPSPjCQ=
github.com/abstractpotato/cardano-signature-wrapper v0.0.0-20260708015716-5357fe291d2a h1:uCgo27+pYLzZrgl7ge528oR1b9dxF6Q8rhkns49AU7c=
github.com/abstractpotato/cardano-signature-wrapper v0.0.0-20260708015716-5357fe291d2a/go.mod h1:qpPCztVve/D48fz/yexj+fXk7iah7lr9LE5xYPSPjCQ=
github.com/abstractpotato/cardano-signature-wrapper v0.0.0-20260708015805-12d913d915fd h1:SDtE/lF5cBkh5Uwnv73L6+HFgu2NDeWkMcYg4OfbCAE=
github.com/abstractpotato/cardano-signature-wrapper v0.0.0-20260708015805-12d913d915fd/go.mod h1:qpPCztVve/D48fz/yexj+fXk7iah7lr9LE5xYPSPjCQ=
github.com/abstractpotato/cardano-signature-wrapper v0.0.0-20260708020517-c7fec93b626f h1:r2L0KK+PJEn0RPKW4oS4kRorGLwyBC21bixEmrLtz0g=
github.com/abstractpotato/cardano-signature-wrapper v0.0.0-20260708020517-c7fec93b626f/go.mod h1:qpPCztVve/D48fz/yexj+fXk7iah7lr9LE5xYPSPjCQ=
github.com/abstractpotato/cardano-signature-wrapper v0.0.0-20260708020650-cd0a7ef03305 h1:pOKUxaYxnm4l56r0NkyqzhKNwhIjEFQpMeNir4thovA=
github.com/abstractpotato/cardano-signature-wrapper v0.0.0-20260708020650-cd0a7ef03305/go.mod h1:qpPCztVve/D48fz/yexj+fXk7iah7lr9LE5xYPSPjCQ=
github.com/abstractpotato/cardano-signature-wrapper v0.0.0-20260709204734-52de5e306d57 h1:Xtsoxw0BRbp21IAoVAo9IrT+ro/9/d/5LHlUkbjLJhY=
github.com/abstractpotato/cardano-signature-wrapper v0.0.0-20260709204734-52de5e306d57/go.mod h1:qpPCztVve/D48fz/yexj+fXk7iah7lr9LE5xYPSPjCQ=
github.com/abstractpotato/cardano-signature-wrapper v0.0.0-20260709215801-98c8594fe7b0 h1:PBs0sOQwgHIt7kIm4lxxM7XujMmoYynBaSu3YENWZyw=
github.com/abstractpotato/cardano-signature-wrapper v0.0.0-20260709215801-98c8594fe7b0/go.mod h1:qpPCztVve/D48fz/yexj+fXk7iah7lr9LE5xYPSPjCQ=
github.com/abstractpotato/cardano-signature-wrapper v0.0.0-20260709222305-a614c5c8a6d8 h1:QJvnRHx1boZpq54uGt2d8+y7ebQrfW/nxpMc7Wtg4/U=
github.com/abstractpotato/cardano-signature-wrapper v0.0.0-20260709222305-a614c5c8a6d8/go.mod h1:qpPCztVve/D48fz/yexj+fXk7iah7lr9LE5xYPSPjCQ=
github.com/fxamacker/cbor/v2 v2.9.2 h1:X4Ksno9+x3cz0TZv69ec1hxP/+tymuR8PXQJyDwfh78=
github.com/fxamacker/cbor/v2 v2.9.2/go.mod h1:vM4b+DJCtHn+zz7h3FFp/hDAI9WNWCsZj23V5ytsSxQ=
github.com/x448/float16 v0.8.4 h1:qLwI1I70+NjRFUR3zs1JPUCgaCXSh3SW62uAKT1mSBM=
github.com/x448/float16 v0.8.4/go.mod h1:14CWIYCyZA/cWjXOioeEpHeN/83MdbZDRQHoFcYsOfg=
